
Microsoft Visual Studio Solution File, Format Version 12.00
# Visual Studio Version 17
VisualStudioVersion = 17.8.34525.116
MinimumVisualStudioVersion = 10.0.40219.1
Project("{FAE04EC0-301F-11D3-BF4B-00C04F79EFBC}") = "APINUMERO1", "APINUMERO1.csproj", "{58681BB9-EE84-4ACD-A17D-21D3B3659578}"
EndProject
Global
	GlobalSection(SolutionConfigurationPlatforms) = preSolution
		Debug|Any CPU = Debug|Any CPU
		Release|Any CPU = Release|Any CPU
	EndGlobalSection
	GlobalSection(ProjectConfigurationPlatforms) = postSolution
		{58681BB9-EE84-4ACD-A17D-21D3B3659578}.Debug|Any CPU.ActiveCfg = Debug|Any CPU
		{58681BB9-EE84-4ACD-A17D-21D3B3659578}.Debug|Any CPU.Build.0 = Debug|Any CPU
		{58681BB9-EE84-4ACD-A17D-21D3B3659578}.Release|Any CPU.ActiveCfg = Release|Any CPU
		{58681BB9-EE84-4ACD-A17D-21D3B3659578}.Release|Any CPU.Build.0 = Release|Any CPU
	EndGlobalSection
	GlobalSection(SolutionProperties) = preSolution
		HideSolutionNode = FALSE
	EndGlobalSection
	GlobalSection(ExtensibilityGlobals) = postSolution
		SolutionGuid = {1647E03F-8EE3-45CF-9F30-24886C1B33CB}
	EndGlobalSection
EndGlobal
